// !$*UTF8*$!
{
	archiveVersion = 1;
	classes = {
	};
	objectVersion = 50;
	objects = {

/* Begin PBXBuildFile section */
		5C0BE3A5220862E50000EBE8 /* README.md in Resources */ = {isa = PBXBuildFile; fileRef = 5C0BE3A4220862E40000EBE8 /* README.md */; };
		5C3A093B21F16E2200C47CB1 /* TankUtility.png in Resources */ = {isa = PBXBuildFile; fileRef = 5C3A093A21F16E2200C47CB1 /* TankUtility.png */; };
		5C3A093C21F16E2200C47CB1 /* TankUtility.png in Resources */ = {isa = PBXBuildFile; fileRef = 5C3A093A21F16E2200C47CB1 /* TankUtility.png */; };
		5C3A093D21F16E2200C47CB1 /* TankUtility.png in Resources */ = {isa = PBXBuildFile; fileRef = 5C3A093A21F16E2200C47CB1 /* TankUtility.png */; };
		5C3A093E21F16E2200C47CB1 /* TankUtility.png in Resources */ = {isa = PBXBuildFile; fileRef = 5C3A093A21F16E2200C47CB1 /* TankUtility.png */; };
		5C3A094521F16F4A00C47CB1 /* DataTests.swift in Sources */ = {isa = PBXBuildFile; fileRef = 5C3A094421F16F4A00C47CB1 /* DataTests.swift */; };
		5C3A094921F1704300C47CB1 /* Data.swift in Sources */ = {isa = PBXBuildFile; fileRef = 5C3A094821F1704300C47CB1 /* Data.swift */; };
		5C3A094A21F1704300C47CB1 /* Data.swift in Sources */ = {isa = PBXBuildFile; fileRef = 5C3A094821F1704300C47CB1 /* Data.swift */; };
		5C3A094B21F1704300C47CB1 /* Data.swift in Sources */ = {isa = PBXBuildFile; fileRef = 5C3A094821F1704300C47CB1 /* Data.swift */; };
		5C3A094C21F1704300C47CB1 /* Data.swift in Sources */ = {isa = PBXBuildFile; fileRef = 5C3A094821F1704300C47CB1 /* Data.swift */; };
		5C45581F220B27140099EDED /* TankUtility.json in Resources */ = {isa = PBXBuildFile; fileRef = 5C45581E220B27130099EDED /* TankUtility.json */; };
		5C455820220B27140099EDED /* TankUtility.json in Resources */ = {isa = PBXBuildFile; fileRef = 5C45581E220B27130099EDED /* TankUtility.json */; };
		5C455821220B27140099EDED /* TankUtility.json in Resources */ = {isa = PBXBuildFile; fileRef = 5C45581E220B27130099EDED /* TankUtility.json */; };
		5C455822220B27140099EDED /* TankUtility.json in Resources */ = {isa = PBXBuildFile; fileRef = 5C45581E220B27130099EDED /* TankUtility.json */; };
		5C4AB29D21F3D88C006D0AA5 /* UserDefaultsTests.swift in Sources */ = {isa = PBXBuildFile; fileRef = 5C4AB29C21F3D88C006D0AA5 /* UserDefaultsTests.swift */; };
		5C4AB29F21F3DF97006D0AA5 /* Alert.swift in Sources */ = {isa = PBXBuildFile; fileRef = 5C4AB29E21F3DF97006D0AA5 /* Alert.swift */; };
		5C4AB2A021F3DF97006D0AA5 /* Alert.swift in Sources */ = {isa = PBXBuildFile; fileRef = 5C4AB29E21F3DF97006D0AA5 /* Alert.swift */; };
		5C4AB2A121F3DF97006D0AA5 /* Alert.swift in Sources */ = {isa = PBXBuildFile; fileRef = 5C4AB29E21F3DF97006D0AA5 /* Alert.swift */; };
		5C4AB2A221F3DF97006D0AA5 /* Alert.swift in Sources */ = {isa = PBXBuildFile; fileRef = 5C4AB29E21F3DF97006D0AA5 /* Alert.swift */; };
		5C4AB2A421F3DFAD006D0AA5 /* AlertTests.swift in Sources */ = {isa = PBXBuildFile; fileRef = 5C4AB2A321F3DFAD006D0AA5 /* AlertTests.swift */; };
		5C5A058521EA904100A51F4F /* TankUtility.swift in Sources */ = {isa = PBXBuildFile; fileRef = 5C5A058421EA904100A51F4F /* TankUtility.swift */; };
		5C5A058621EA904100A51F4F /* TankUtility.swift in Sources */ = {isa = PBXBuildFile; fileRef = 5C5A058421EA904100A51F4F /* TankUtility.swift */; };
		5C5A058721EA904100A51F4F /* TankUtility.swift in Sources */ = {isa = PBXBuildFile; fileRef = 5C5A058421EA904100A51F4F /* TankUtility.swift */; };
		5C5A058821EA904100A51F4F /* TankUtility.swift in Sources */ = {isa = PBXBuildFile; fileRef = 5C5A058421EA904100A51F4F /* TankUtility.swift */; };
		5C5C3C8E21EA38C700E99B3C /* XCTestCase.swift in Sources */ = {isa = PBXBuildFile; fileRef = 5C5C3C8721EA38C700E99B3C /* XCTestCase.swift */; };
		5C5C3C8F21EA38C700E99B3C /* TokenTests.swift in Sources */ = {isa = PBXBuildFile; fileRef = 5C5C3C8821EA38C700E99B3C /* TokenTests.swift */; };
		5C5C3C9021EA38C700E99B3C /* ReadingTests.json in Resources */ = {isa = PBXBuildFile; fileRef = 5C5C3C8921EA38C700E99B3C /* ReadingTests.json */; };
		5C5C3C9121EA38C700E99B3C /* DeviceTests.swift in Sources */ = {isa = PBXBuildFile; fileRef = 5C5C3C8A21EA38C700E99B3C /* DeviceTests.swift */; };
		5C5C3C9221EA38C700E99B3C /* DeviceTests.json in Resources */ = {isa = PBXBuildFile; fileRef = 5C5C3C8B21EA38C700E99B3C /* DeviceTests.json */; };
		5C5C3C9421EA38C700E99B3C /* ReadingTests.swift in Sources */ = {isa = PBXBuildFile; fileRef = 5C5C3C8D21EA38C700E99B3C /* ReadingTests.swift */; };
		5C5C3C9621EA3ADE00E99B3C /* Token.swift in Sources */ = {isa = PBXBuildFile; fileRef = 5C5C3C9521EA3ADE00E99B3C /* Token.swift */; };
		5C5C3C9721EA3ADE00E99B3C /* Token.swift in Sources */ = {isa = PBXBuildFile; fileRef = 5C5C3C9521EA3ADE00E99B3C /* Token.swift */; };
		5C5C3C9821EA3ADE00E99B3C /* Token.swift in Sources */ = {isa = PBXBuildFile; fileRef = 5C5C3C9521EA3ADE00E99B3C /* Token.swift */; };
		5C5C3C9921EA3ADE00E99B3C /* Token.swift in Sources */ = {isa = PBXBuildFile; fileRef = 5C5C3C9521EA3ADE00E99B3C /* Token.swift */; };
		5C5C3C9B21EA3CE700E99B3C /* TokenTests.json in Resources */ = {isa = PBXBuildFile; fileRef = 5C5C3C9A21EA3CE700E99B3C /* TokenTests.json */; };
		5C5C3C9D21EA52AC00E99B3C /* URLSession.swift in Sources */ = {isa = PBXBuildFile; fileRef = 5C5C3C9C21EA52AC00E99B3C /* URLSession.swift */; };
		5C5C3C9E21EA52AC00E99B3C /* URLSession.swift in Sources */ = {isa = PBXBuildFile; fileRef = 5C5C3C9C21EA52AC00E99B3C /* URLSession.swift */; };
		5C5C3C9F21EA52AC00E99B3C /* URLSession.swift in Sources */ = {isa = PBXBuildFile; fileRef = 5C5C3C9C21EA52AC00E99B3C /* URLSession.swift */; };
		5C5C3CA021EA52AC00E99B3C /* URLSession.swift in Sources */ = {isa = PBXBuildFile; fileRef = 5C5C3C9C21EA52AC00E99B3C /* URLSession.swift */; };
		5C5C3CAB21EA544100E99B3C /* URLRequest.swift in Sources */ = {isa = PBXBuildFile; fileRef = 5C5C3CAA21EA544100E99B3C /* URLRequest.swift */; };
		5C5C3CAC21EA544100E99B3C /* URLRequest.swift in Sources */ = {isa = PBXBuildFile; fileRef = 5C5C3CAA21EA544100E99B3C /* URLRequest.swift */; };
		5C5C3CAD21EA544100E99B3C /* URLRequest.swift in Sources */ = {isa = PBXBuildFile; fileRef = 5C5C3CAA21EA544100E99B3C /* URLRequest.swift */; };
		5C5C3CAE21EA544100E99B3C /* URLRequest.swift in Sources */ = {isa = PBXBuildFile; fileRef = 5C5C3CAA21EA544100E99B3C /* URLRequest.swift */; };
		5C5C3CB021EA545600E99B3C /* URLRequestTests.swift in Sources */ = {isa = PBXBuildFile; fileRef = 5C5C3CAF21EA545600E99B3C /* URLRequestTests.swift */; };
		5C5D052921F397E10074BA0D /* UserDefaults.swift in Sources */ = {isa = PBXBuildFile; fileRef = 5C5D052821F397E10074BA0D /* UserDefaults.swift */; };
		5C5D052A21F397E10074BA0D /* UserDefaults.swift in Sources */ = {isa = PBXBuildFile; fileRef = 5C5D052821F397E10074BA0D /* UserDefaults.swift */; };
		5C5D052B21F397E10074BA0D /* UserDefaults.swift in Sources */ = {isa = PBXBuildFile; fileRef = 5C5D052821F397E10074BA0D /* UserDefaults.swift */; };
		5C5D052C21F397E10074BA0D /* UserDefaults.swift in Sources */ = {isa = PBXBuildFile; fileRef = 5C5D052821F397E10074BA0D /* UserDefaults.swift */; };
		5CAC926922012B2700B77FD3 /* String.swift in Sources */ = {isa = PBXBuildFile; fileRef = 5CAC926822012B2700B77FD3 /* String.swift */; };
		5CAC926A22012B2700B77FD3 /* String.swift in Sources */ = {isa = PBXBuildFile; fileRef = 5CAC926822012B2700B77FD3 /* String.swift */; };
		5CAC926B22012B2700B77FD3 /* String.swift in Sources */ = {isa = PBXBuildFile; fileRef = 5CAC926822012B2700B77FD3 /* String.swift */; };
		5CAC926C22012B2700B77FD3 /* String.swift in Sources */ = {isa = PBXBuildFile; fileRef = 5CAC926822012B2700B77FD3 /* String.swift */; };
		5CAC926E22012B5D00B77FD3 /* StringTests.swift in Sources */ = {isa = PBXBuildFile; fileRef = 5CAC926D22012B5D00B77FD3 /* StringTests.swift */; };
		5CB8CB0421EA325C0083AC78 /* Device.swift in Sources */ = {isa = PBXBuildFile; fileRef = 5CB8CB0321EA325C0083AC78 /* Device.swift */; };
		5CB8CB0521EA325C0083AC78 /* Device.swift in Sources */ = {isa = PBXBuildFile; fileRef = 5CB8CB0321EA325C0083AC78 /* Device.swift */; };
		5CB8CB0621EA325C0083AC78 /* Device.swift in Sources */ = {isa = PBXBuildFile; fileRef = 5CB8CB0321EA325C0083AC78 /* Device.swift */; };
		5CB8CB0721EA325C0083AC78 /* Device.swift in Sources */ = {isa = PBXBuildFile; fileRef = 5CB8CB0321EA325C0083AC78 /* Device.swift */; };
		5CB8CB0921EA327F0083AC78 /* Reading.swift in Sources */ = {isa = PBXBuildFile; fileRef = 5CB8CB0821EA327F0083AC78 /* Reading.swift */; };
		5CB8CB0A21EA327F0083AC78 /* Reading.swift in Sources */ = {isa = PBXBuildFile; fileRef = 5CB8CB0821EA327F0083AC78 /* Reading.swift */; };
		5CB8CB0B21EA327F0083AC78 /* Reading.swift in Sources */ = {isa = PBXBuildFile; fileRef = 5CB8CB0821EA327F0083AC78 /* Reading.swift */; };
		5CB8CB0C21EA327F0083AC78 /* Reading.swift in Sources */ = {isa = PBXBuildFile; fileRef = 5CB8CB0821EA327F0083AC78 /* Reading.swift */; };
		5CE8416F21EBD03E0033DD1D /* URL.swift in Sources */ = {isa = PBXBuildFile; fileRef = 5CE8416E21EBD03E0033DD1D /* URL.swift */; };
		5CE8417021EBD03E0033DD1D /* URL.swift in Sources */ = {isa = PBXBuildFile; fileRef = 5CE8416E21EBD03E0033DD1D /* URL.swift */; };
		5CE8417121EBD03E0033DD1D /* URL.swift in Sources */ = {isa = PBXBuildFile; fileRef = 5CE8416E21EBD03E0033DD1D /* URL.swift */; };
		5CE8417221EBD03E0033DD1D /* URL.swift in Sources */ = {isa = PBXBuildFile; fileRef = 5CE8416E21EBD03E0033DD1D /* URL.swift */; };
		5CE8417421EBDBF00033DD1D /* URLTests.swift in Sources */ = {isa = PBXBuildFile; fileRef = 5CE8417321EBDBF00033DD1D /* URLTests.swift */; };
		5CE8417621EC0AC50033DD1D /* JSON.swift in Sources */ = {isa = PBXBuildFile; fileRef = 5CE8417521EC0AC50033DD1D /* JSON.swift */; };
		5CE8417721EC0AC50033DD1D /* JSON.swift in Sources */ = {isa = PBXBuildFile; fileRef = 5CE8417521EC0AC50033DD1D /* JSON.swift */; };
		5CE8417821EC0AC50033DD1D /* JSON.swift in Sources */ = {isa = PBXBuildFile; fileRef = 5CE8417521EC0AC50033DD1D /* JSON.swift */; };
		5CE8417921EC0AC50033DD1D /* JSON.swift in Sources */ = {isa = PBXBuildFile; fileRef = 5CE8417521EC0AC50033DD1D /* JSON.swift */; };
		5CE8417B21EC172A0033DD1D /* JSONTests.swift in Sources */ = {isa = PBXBuildFile; fileRef = 5CE8417A21EC172A0033DD1D /* JSONTests.swift */; };
		5CE8417D21EC17560033DD1D /* JSONTests.json in Resources */ = {isa = PBXBuildFile; fileRef = 5CE8417C21EC17560033DD1D /* JSONTests.json */; };
/* End PBXBuildFile section */

/* Begin PBXContainerItemProxy section */
		5CB8CB1721EA34020083AC78 /* PBXContainerItemProxy */ = {
			isa = PBXContainerItemProxy;
			containerPortal = 5CB8CAC821EA31D30083AC78 /* Project object */;
			proxyType = 1;
			remoteGlobalIDString = 5CB8CAE021EA31EB0083AC78;
			remoteInfo = TankUtilityMac;
		};
/* End PBXContainerItemProxy section */

/* Begin PBXFileReference section */
		5C0BE3A4220862E40000EBE8 /* README.md */ = {isa = PBXFileReference; fileEncoding = 4; lastKnownFileType = net.daringfireball.markdown; path = README.md; sourceTree = "<group>"; };
		5C3A093A21F16E2200C47CB1 /* TankUtility.png */ = {isa = PBXFileReference; lastKnownFileType = image.png; path = TankUtility.png; sourceTree = "<group>"; };
		5C3A094421F16F4A00C47CB1 /* DataTests.swift */ = {isa = PBXFileReference; lastKnownFileType = sourcecode.swift; path = DataTests.swift; sourceTree = "<group>"; };
		5C3A094821F1704300C47CB1 /* Data.swift */ = {isa = PBXFileReference; lastKnownFileType = sourcecode.swift; path = Data.swift; sourceTree = "<group>"; };
		5C45581E220B27130099EDED /* TankUtility.json */ = {isa = PBXFileReference; fileEncoding = 4; lastKnownFileType = text.json; path = TankUtility.json; sourceTree = "<group>"; };
		5C4AB29C21F3D88C006D0AA5 /* UserDefaultsTests.swift */ = {isa = PBXFileReference; lastKnownFileType = sourcecode.swift; path = UserDefaultsTests.swift; sourceTree = "<group>"; };
		5C4AB29E21F3DF97006D0AA5 /* Alert.swift */ = {isa = PBXFileReference; lastKnownFileType = sourcecode.swift; path = Alert.swift; sourceTree = "<group>"; };
		5C4AB2A321F3DFAD006D0AA5 /* AlertTests.swift */ = {isa = PBXFileReference; lastKnownFileType = sourcecode.swift; path = AlertTests.swift; sourceTree = "<group>"; };
		5C5A058421EA904100A51F4F /* TankUtility.swift */ = {isa = PBXFileReference; lastKnownFileType = sourcecode.swift; path = TankUtility.swift; sourceTree = "<group>"; };
		5C5C3C8221EA387800E99B3C /* TankUtility.framework */ = {isa = PBXFileReference; explicitFileType = wrapper.framework; includeInIndex = 0; path = TankUtility.framework; sourceTree = BUILT_PRODUCTS_DIR; };
		5C5C3C8321EA387800E99B3C /* TankUtility.framework */ = {isa = PBXFileReference; explicitFileType = wrapper.framework; includeInIndex = 0; path = TankUtility.framework; sourceTree = BUILT_PRODUCTS_DIR; };
		5C5C3C8421EA387800E99B3C /* TankUtility.framework */ = {isa = PBXFileReference; explicitFileType = wrapper.framework; includeInIndex = 0; path = TankUtility.framework; sourceTree = BUILT_PRODUCTS_DIR; };
		5C5C3C8521EA387800E99B3C /* TankUtility.framework */ = {isa = PBXFileReference; explicitFileType = wrapper.framework; includeInIndex = 0; path = TankUtility.framework; sourceTree = BUILT_PRODUCTS_DIR; };
		5C5C3C8621EA387800E99B3C /* TankUtilityTests.xctest */ = {isa = PBXFileReference; explicitFileType = wrapper.cfbundle; includeInIndex = 0; path = TankUtilityTests.xctest; sourceTree = BUILT_PRODUCTS_DIR; };
		5C5C3C8721EA38C700E99B3C /* XCTestCase.swift */ = {isa = PBXFileReference; fileEncoding = 4; lastKnownFileType = sourcecode.swift; path = XCTestCase.swift; sourceTree = "<group>"; };
		5C5C3C8821EA38C700E99B3C /* TokenTests.swift */ = {isa = PBXFileReference; fileEncoding = 4; lastKnownFileType = sourcecode.swift; path = TokenTests.swift; sourceTree = "<group>"; };
		5C5C3C8921EA38C700E99B3C /* ReadingTests.json */ = {isa = PBXFileReference; fileEncoding = 4; lastKnownFileType = text.json; path = ReadingTests.json; sourceTree = "<group>"; };
		5C5C3C8A21EA38C700E99B3C /* DeviceTests.swift */ = {isa = PBXFileReference; fileEncoding = 4; lastKnownFileType = sourcecode.swift; path = DeviceTests.swift; sourceTree = "<group>"; };
		5C5C3C8B21EA38C700E99B3C /* DeviceTests.json */ = {isa = PBXFileReference; fileEncoding = 4; lastKnownFileType = text.json; path = DeviceTests.json; sourceTree = "<group>"; };
		5C5C3C8D21EA38C700E99B3C /* ReadingTests.swift */ = {isa = PBXFileReference; fileEncoding = 4; lastKnownFileType = sourcecode.swift; path = ReadingTests.swift; sourceTree = "<group>"; };
		5C5C3C9521EA3ADE00E99B3C /* Token.swift */ = {isa = PBXFileReference; lastKnownFileType = sourcecode.swift; path = Token.swift; sourceTree = "<group>"; };
		5C5C3C9A21EA3CE700E99B3C /* TokenTests.json */ = {isa = PBXFileReference; fileEncoding = 4; lastKnownFileType = text.json; path = TokenTests.json; sourceTree = "<group>"; };
		5C5C3C9C21EA52AC00E99B3C /* URLSession.swift */ = {isa = PBXFileReference; lastKnownFileType = sourcecode.swift; path = URLSession.swift; sourceTree = "<group>"; };
		5C5C3CAA21EA544100E99B3C /* URLRequest.swift */ = {isa = PBXFileReference; lastKnownFileType = sourcecode.swift; path = URLRequest.swift; sourceTree = "<group>"; };
		5C5C3CAF21EA545600E99B3C /* URLRequestTests.swift */ = {isa = PBXFileReference; lastKnownFileType = sourcecode.swift; path = URLRequestTests.swift; sourceTree = "<group>"; };
		5C5D052821F397E10074BA0D /* UserDefaults.swift */ = {isa = PBXFileReference; lastKnownFileType = sourcecode.swift; path = UserDefaults.swift; sourceTree = "<group>"; };
		5CAC926822012B2700B77FD3 /* String.swift */ = {isa = PBXFileReference; lastKnownFileType = sourcecode.swift; path = String.swift; sourceTree = "<group>"; };
		5CAC926D22012B5D00B77FD3 /* StringTests.swift */ = {isa = PBXFileReference; lastKnownFileType = sourcecode.swift; path = StringTests.swift; sourceTree = "<group>"; };
		5CB8CAD521EA31D30083AC78 /* Info.plist */ = {isa = PBXFileReference; lastKnownFileType = text.plist.xml; path = Info.plist; sourceTree = "<group>"; };
		5CB8CB0321EA325C0083AC78 /* Device.swift */ = {isa = PBXFileReference; fileEncoding = 4; lastKnownFileType = sourcecode.swift; path = Device.swift; sourceTree = "<group>"; };
		5CB8CB0821EA327F0083AC78 /* Reading.swift */ = {isa = PBXFileReference; fileEncoding = 4; lastKnownFileType = sourcecode.swift; path = Reading.swift; sourceTree = "<group>"; };
		5CB8CB1521EA34020083AC78 /* Info.plist */ = {isa = PBXFileReference; lastKnownFileType = text.plist.xml; path = Info.plist; sourceTree = "<group>"; };
		5CE8416E21EBD03E0033DD1D /* URL.swift */ = {isa = PBXFileReference; lastKnownFileType = sourcecode.swift; path = URL.swift; sourceTree = "<group>"; };
		5CE8417321EBDBF00033DD1D /* URLTests.swift */ = {isa = PBXFileReference; lastKnownFileType = sourcecode.swift; path = URLTests.swift; sourceTree = "<group>"; };
		5CE8417521EC0AC50033DD1D /* JSON.swift */ = {isa = PBXFileReference; lastKnownFileType = sourcecode.swift; path = JSON.swift; sourceTree = "<group>"; };
		5CE8417A21EC172A0033DD1D /* JSONTests.swift */ = {isa = PBXFileReference; lastKnownFileType = sourcecode.swift; path = JSONTests.swift; sourceTree = "<group>"; };
		5CE8417C21EC17560033DD1D /* JSONTests.json */ = {isa = PBXFileReference; fileEncoding = 4; lastKnownFileType = text.json; path = JSONTests.json; sourceTree = "<group>"; };
/* End PBXFileReference section */

/* Begin PBXGroup section */
		5CB8CAC721EA31D30083AC78 = {
			isa = PBXGroup;
			children = (
				5CB8CAD321EA31D30083AC78 /* TankUtility */,
				5CB8CB1221EA34020083AC78 /* TankUtilityTests */,
				5C5C3C8221EA387800E99B3C /* TankUtility.framework */,
				5C5C3C8321EA387800E99B3C /* TankUtility.framework */,
				5C5C3C8421EA387800E99B3C /* TankUtility.framework */,
				5C5C3C8521EA387800E99B3C /* TankUtility.framework */,
				5C5C3C8621EA387800E99B3C /* TankUtilityTests.xctest */,
				5C0BE3A4220862E40000EBE8 /* README.md */,
			);
			sourceTree = "<group>";
		};
		5CB8CAD321EA31D30083AC78 /* TankUtility */ = {
			isa = PBXGroup;
			children = (
				5C4AB29E21F3DF97006D0AA5 /* Alert.swift */,
				5C3A094821F1704300C47CB1 /* Data.swift */,
				5CB8CB0321EA325C0083AC78 /* Device.swift */,
				5CE8417521EC0AC50033DD1D /* JSON.swift */,
				5CB8CB0821EA327F0083AC78 /* Reading.swift */,
				5CAC926822012B2700B77FD3 /* String.swift */,
				5C5A058421EA904100A51F4F /* TankUtility.swift */,
				5C45581E220B27130099EDED /* TankUtility.json */,
				5C3A093A21F16E2200C47CB1 /* TankUtility.png */,
				5C5C3C9521EA3ADE00E99B3C /* Token.swift */,
				5C5C3CAA21EA544100E99B3C /* URLRequest.swift */,
				5C5C3C9C21EA52AC00E99B3C /* URLSession.swift */,
				5CE8416E21EBD03E0033DD1D /* URL.swift */,
				5C5D052821F397E10074BA0D /* UserDefaults.swift */,
				5CB8CAD521EA31D30083AC78 /* Info.plist */,
			);
			path = TankUtility;
			sourceTree = "<group>";
		};
		5CB8CB1221EA34020083AC78 /* TankUtilityTests */ = {
			isa = PBXGroup;
			children = (
				5C4AB2A321F3DFAD006D0AA5 /* AlertTests.swift */,
				5C3A094421F16F4A00C47CB1 /* DataTests.swift */,
				5C5C3C8A21EA38C700E99B3C /* DeviceTests.swift */,
				5C5C3C8B21EA38C700E99B3C /* DeviceTests.json */,
				5CE8417A21EC172A0033DD1D /* JSONTests.swift */,
				5CE8417C21EC17560033DD1D /* JSONTests.json */,
				5C5C3C8D21EA38C700E99B3C /* ReadingTests.swift */,
				5C5C3C8921EA38C700E99B3C /* ReadingTests.json */,
				5CAC926D22012B5D00B77FD3 /* StringTests.swift */,
				5C5C3C8821EA38C700E99B3C /* TokenTests.swift */,
				5C5C3C9A21EA3CE700E99B3C /* TokenTests.json */,
				5C5C3CAF21EA545600E99B3C /* URLRequestTests.swift */,
				5CE8417321EBDBF00033DD1D /* URLTests.swift */,
				5C4AB29C21F3D88C006D0AA5 /* UserDefaultsTests.swift */,
				5C5C3C8721EA38C700E99B3C /* XCTestCase.swift */,
				5CB8CB1521EA34020083AC78 /* Info.plist */,
			);
			path = TankUtilityTests;
			sourceTree = "<group>";
		};
/* End PBXGroup section */

/* Begin PBXNativeTarget section */
		5CB8CAD021EA31D30083AC78 /* TankUtility */ = {
			isa = PBXNativeTarget;
			buildConfigurationList = 5CB8CAD921EA31D30083AC78 /* Build configuration list for PBXNativeTarget "TankUtility" */;
			buildPhases = (
				5CB8CACD21EA31D30083AC78 /* Sources */,
				5CB8CACF21EA31D30083AC78 /* Resources */,
			);
			buildRules = (
			);
			dependencies = (
			);
			name = TankUtility;
			productName = TankUtility;
			productReference = 5C5C3C8221EA387800E99B3C /* TankUtility.framework */;
			productType = "com.apple.product-type.framework";
		};
		5CB8CAE021EA31EB0083AC78 /* TankUtilityMac */ = {
			isa = PBXNativeTarget;
			buildConfigurationList = 5CB8CAE621EA31EB0083AC78 /* Build configuration list for PBXNativeTarget "TankUtilityMac" */;
			buildPhases = (
				5CB8CADD21EA31EB0083AC78 /* Sources */,
				5CB8CADF21EA31EB0083AC78 /* Resources */,
			);
			buildRules = (
			);
			dependencies = (
			);
			name = TankUtilityMac;
			productName = TankUtilityMac;
			productReference = 5C5C3C8521EA387800E99B3C /* TankUtility.framework */;
			productType = "com.apple.product-type.framework";
		};
		5CB8CAED21EA32040083AC78 /* TankUtilityWatch */ = {
			isa = PBXNativeTarget;
			buildConfigurationList = 5CB8CAF321EA32040083AC78 /* Build configuration list for PBXNativeTarget "TankUtilityWatch" */;
			buildPhases = (
				5CB8CAEA21EA32040083AC78 /* Sources */,
				5CB8CAEC21EA32040083AC78 /* Resources */,
			);
			buildRules = (
			);
			dependencies = (
			);
			name = TankUtilityWatch;
			productName = TankUtilityWatch;
			productReference = 5C5C3C8321EA387800E99B3C /* TankUtility.framework */;
			productType = "com.apple.product-type.framework";
		};
		5CB8CAFA21EA321B0083AC78 /* TankUtilityTV */ = {
			isa = PBXNativeTarget;
			buildConfigurationList = 5CB8CB0021EA321B0083AC78 /* Build configuration list for PBXNativeTarget "TankUtilityTV" */;
			buildPhases = (
				5CB8CAF721EA321B0083AC78 /* Sources */,
				5CB8CAF921EA321B0083AC78 /* Resources */,
			);
			buildRules = (
			);
			dependencies = (
			);
			name = TankUtilityTV;
			productName = TankUtilityTV;
			productReference = 5C5C3C8421EA387800E99B3C /* TankUtility.framework */;
			productType = "com.apple.product-type.framework";
		};
		5CB8CB1021EA34020083AC78 /* TankUtilityTests */ = {
			isa = PBXNativeTarget;
			buildConfigurationList = 5CB8CB1921EA34020083AC78 /* Build configuration list for PBXNativeTarget "TankUtilityTests" */;
			buildPhases = (
				5CB8CB0D21EA34020083AC78 /* Sources */,
				5CB8CB0F21EA34020083AC78 /* Resources */,
			);
			buildRules = (
			);
			dependencies = (
				5CB8CB1821EA34020083AC78 /* PBXTargetDependency */,
			);
			name = TankUtilityTests;
			productName = TankUtilityTests;
			productReference = 5C5C3C8621EA387800E99B3C /* TankUtilityTests.xctest */;
			productType = "com.apple.product-type.bundle.unit-test";
		};
/* End PBXNativeTarget section */

/* Begin PBXProject section */
		5CB8CAC821EA31D30083AC78 /* Project object */ = {
			isa = PBXProject;
			attributes = {
				LastSwiftUpdateCheck = 1010;
				LastUpgradeCheck = 1020;
				ORGANIZATIONNAME = Todd;
				TargetAttributes = {
					5CB8CAD021EA31D30083AC78 = {
						CreatedOnToolsVersion = 10.1;
						LastSwiftMigration = 1020;
					};
					5CB8CAE021EA31EB0083AC78 = {
						CreatedOnToolsVersion = 10.1;
						LastSwiftMigration = 1020;
					};
					5CB8CAED21EA32040083AC78 = {
						CreatedOnToolsVersion = 10.1;
						LastSwiftMigration = 1020;
					};
					5CB8CAFA21EA321B0083AC78 = {
						CreatedOnToolsVersion = 10.1;
						LastSwiftMigration = 1020;
					};
					5CB8CB1021EA34020083AC78 = {
						CreatedOnToolsVersion = 10.1;
						LastSwiftMigration = 1020;
					};
				};
			};
			buildConfigurationList = 5CB8CACB21EA31D30083AC78 /* Build configuration list for PBXProject "TankUtility" */;
			compatibilityVersion = "Xcode 9.3";
			developmentRegion = en;
			hasScannedForEncodings = 0;
			knownRegions = (
				en,
				Base,
			);
			mainGroup = 5CB8CAC721EA31D30083AC78;
			productRefGroup = 5CB8CAC721EA31D30083AC78;
			projectDirPath = "";
			projectRoot = "";
			targets = (
				5CB8CAD021EA31D30083AC78 /* TankUtility */,
				5CB8CAED21EA32040083AC78 /* TankUtilityWatch */,
				5CB8CAFA21EA321B0083AC78 /* TankUtilityTV */,
				5CB8CAE021EA31EB0083AC78 /* TankUtilityMac */,
				5CB8CB1021EA34020083AC78 /* TankUtilityTests */,
			);
		};
/* End PBXProject section */

/* Begin PBXResourcesBuildPhase section */
		5CB8CACF21EA31D30083AC78 /* Resources */ = {
			isa = PBXResourcesBuildPhase;
			buildActionMask = 2147483647;
			files = (
				5C45581F220B27140099EDED /* TankUtility.json in Resources */,
				5C0BE3A5220862E50000EBE8 /* README.md in Resources */,
				5C3A093B21F16E2200C47CB1 /* TankUtility.png in Resources */,
			);
			runOnlyForDeploymentPostprocessing = 0;
		};
		5CB8CADF21EA31EB0083AC78 /* Resources */ = {
			isa = PBXResourcesBuildPhase;
			buildActionMask = 2147483647;
			files = (
				5C455822220B27140099EDED /* TankUtility.json in Resources */,
				5C3A093E21F16E2200C47CB1 /* TankUtility.png in Resources */,
			);
			runOnlyForDeploymentPostprocessing = 0;
		};
		5CB8CAEC21EA32040083AC78 /* Resources */ = {
			isa = PBXResourcesBuildPhase;
			buildActionMask = 2147483647;
			files = (
				5C455820220B27140099EDED /* TankUtility.json in Resources */,
				5C3A093C21F16E2200C47CB1 /* TankUtility.png in Resources */,
			);
			runOnlyForDeploymentPostprocessing = 0;
		};
		5CB8CAF921EA321B0083AC78 /* Resources */ = {
			isa = PBXResourcesBuildPhase;
			buildActionMask = 2147483647;
			files = (
				5C455821220B27140099EDED /* TankUtility.json in Resources */,
				5C3A093D21F16E2200C47CB1 /* TankUtility.png in Resources */,
			);
			runOnlyForDeploymentPostprocessing = 0;
		};
		5CB8CB0F21EA34020083AC78 /* Resources */ = {
			isa = PBXResourcesBuildPhase;
			buildActionMask = 2147483647;
			files = (
				5C5C3C9021EA38C700E99B3C /* ReadingTests.json in Resources */,
				5C5C3C9221EA38C700E99B3C /* DeviceTests.json in Resources */,
				5C5C3C9B21EA3CE700E99B3C /* TokenTests.json in Resources */,
				5CE8417D21EC17560033DD1D /* JSONTests.json in Resources */,
			);
			runOnlyForDeploymentPostprocessing = 0;
		};
/* End PBXResourcesBuildPhase section */

/* Begin PBXSourcesBuildPhase section */
		5CB8CACD21EA31D30083AC78 /* Sources */ = {
			isa = PBXSourcesBuildPhase;
			buildActionMask = 2147483647;
			files = (
				5C5C3C9621EA3ADE00E99B3C /* Token.swift in Sources */,
				5C5A058521EA904100A51F4F /* TankUtility.swift in Sources */,
				5CE8416F21EBD03E0033DD1D /* URL.swift in Sources */,
				5CB8CB0921EA327F0083AC78 /* Reading.swift in Sources */,
				5C5C3C9D21EA52AC00E99B3C /* URLSession.swift in Sources */,
				5C5C3CAB21EA544100E99B3C /* URLRequest.swift in Sources */,
				5CAC926922012B2700B77FD3 /* String.swift in Sources */,
				5C5D052921F397E10074BA0D /* UserDefaults.swift in Sources */,
				5CB8CB0421EA325C0083AC78 /* Device.swift in Sources */,
				5C4AB29F21F3DF97006D0AA5 /* Alert.swift in Sources */,
				5C3A094921F1704300C47CB1 /* Data.swift in Sources */,
				5CE8417621EC0AC50033DD1D /* JSON.swift in Sources */,
			);
			runOnlyForDeploymentPostprocessing = 0;
		};
		5CB8CADD21EA31EB0083AC78 /* Sources */ = {
			isa = PBXSourcesBuildPhase;
			buildActionMask = 2147483647;
			files = (
				5C5C3C9921EA3ADE00E99B3C /* Token.swift in Sources */,
				5C5A058821EA904100A51F4F /* TankUtility.swift in Sources */,
				5CE8417221EBD03E0033DD1D /* URL.swift in Sources */,
				5CB8CB0C21EA327F0083AC78 /* Reading.swift in Sources */,
				5C5C3CA021EA52AC00E99B3C /* URLSession.swift in Sources */,
				5C5C3CAE21EA544100E99B3C /* URLRequest.swift in Sources */,
				5CAC926C22012B2700B77FD3 /* String.swift in Sources */,
				5C5D052C21F397E10074BA0D /* UserDefaults.swift in Sources */,
				5CB8CB0721EA325C0083AC78 /* Device.swift in Sources */,
				5C4AB2A221F3DF97006D0AA5 /* Alert.swift in Sources */,
				5C3A094C21F1704300C47CB1 /* Data.swift in Sources */,
				5CE8417921EC0AC50033DD1D /* JSON.swift in Sources */,
			);
			runOnlyForDeploymentPostprocessing = 0;
		};
		5CB8CAEA21EA32040083AC78 /* Sources */ = {
			isa = PBXSourcesBuildPhase;
			buildActionMask = 2147483647;
			files = (
				5C5C3C9721EA3ADE00E99B3C /* Token.swift in Sources */,
				5C5A058621EA904100A51F4F /* TankUtility.swift in Sources */,
				5CE8417021EBD03E0033DD1D /* URL.swift in Sources */,
				5CB8CB0A21EA327F0083AC78 /* Reading.swift in Sources */,
				5C5C3C9E21EA52AC00E99B3C /* URLSession.swift in Sources */,
				5C5C3CAC21EA544100E99B3C /* URLRequest.swift in Sources */,
				5CAC926A22012B2700B77FD3 /* String.swift in Sources */,
				5C5D052A21F397E10074BA0D /* UserDefaults.swift in Sources */,
				5CB8CB0521EA325C0083AC78 /* Device.swift in Sources */,
				5C4AB2A021F3DF97006D0AA5 /* Alert.swift in Sources */,
				5C3A094A21F1704300C47CB1 /* Data.swift in Sources */,
				5CE8417721EC0AC50033DD1D /* JSON.swift in Sources */,
			);
			runOnlyForDeploymentPostprocessing = 0;
		};
		5CB8CAF721EA321B0083AC78 /* Sources */ = {
			isa = PBXSourcesBuildPhase;
			buildActionMask = 2147483647;
			files = (
				5C5C3C9821EA3ADE00E99B3C /* Token.swift in Sources */,
				5C5A058721EA904100A51F4F /* TankUtility.swift in Sources */,
				5CE8417121EBD03E0033DD1D /* URL.swift in Sources */,
				5CB8CB0B21EA327F0083AC78 /* Reading.swift in Sources */,
				5C5C3C9F21EA52AC00E99B3C /* URLSession.swift in Sources */,
				5C5C3CAD21EA544100E99B3C /* URLRequest.swift in Sources */,
				5CAC926B22012B2700B77FD3 /* String.swift in Sources */,
				5C5D052B21F397E10074BA0D /* UserDefaults.swift in Sources */,
				5CB8CB0621EA325C0083AC78 /* Device.swift in Sources */,
				5C4AB2A121F3DF97006D0AA5 /* Alert.swift in Sources */,
				5C3A094B21F1704300C47CB1 /* Data.swift in Sources */,
				5CE8417821EC0AC50033DD1D /* JSON.swift in Sources */,
			);
			runOnlyForDeploymentPostprocessing = 0;
		};
		5CB8CB0D21EA34020083AC78 /* Sources */ = {
			isa = PBXSourcesBuildPhase;
			buildActionMask = 2147483647;
			files = (
				5C4AB29D21F3D88C006D0AA5 /* UserDefaultsTests.swift in Sources */,
				5C5C3C8F21EA38C700E99B3C /* TokenTests.swift in Sources */,
				5C3A094521F16F4A00C47CB1 /* DataTests.swift in Sources */,
				5C5C3C8E21EA38C700E99B3C /* XCTestCase.swift in Sources */,
				5CAC926E22012B5D00B77FD3 /* StringTests.swift in Sources */,
				5C5C3C9421EA38C700E99B3C /* ReadingTests.swift in Sources */,
				5CE8417B21EC172A0033DD1D /* JSONTests.swift in Sources */,
				5C4AB2A421F3DFAD006D0AA5 /* AlertTests.swift in Sources */,
				5C5C3C9121EA38C700E99B3C /* DeviceTests.swift in Sources */,
				5CE8417421EBDBF00033DD1D /* URLTests.swift in Sources */,
				5C5C3CB021EA545600E99B3C /* URLRequestTests.swift in Sources */,
			);
			runOnlyForDeploymentPostprocessing = 0;
		};
/* End PBXSourcesBuildPhase section */

/* Begin PBXTargetDependency section */
		5CB8CB1821EA34020083AC78 /* PBXTargetDependency */ = {
			isa = PBXTargetDependency;
			target = 5CB8CAE021EA31EB0083AC78 /* TankUtilityMac */;
			targetProxy = 5CB8CB1721EA34020083AC78 /* PBXContainerItemProxy */;
		};
/* End PBXTargetDependency section */

/* Begin XCBuildConfiguration section */
		5CB8CAD721EA31D30083AC78 /* Debug */ = {
			isa = XCBuildConfiguration;
			buildSettings = {
				ALWAYS_SEARCH_USER_PATHS = NO;
				CLANG_ANALYZER_NONNULL = YES;
				CLANG_ANALYZER_NUMBER_OBJECT_CONVERSION = YES_AGGRESSIVE;
				CLANG_CXX_LANGUAGE_STANDARD = "gnu++14";
				CLANG_CXX_LIBRARY = "libc++";
				CLANG_ENABLE_MODULES = YES;
				CLANG_ENABLE_OBJC_ARC = YES;
				CLANG_ENABLE_OBJC_WEAK = YES;
				CLANG_WARN_BLOCK_CAPTURE_AUTORELEASING = YES;
				CLANG_WARN_BOOL_CONVERSION = YES;
				CLANG_WARN_COMMA = YES;
				CLANG_WARN_CONSTANT_CONVERSION = YES;
				CLANG_WARN_DEPRECATED_OBJC_IMPLEMENTATIONS = YES;
				CLANG_WARN_DIRECT_OBJC_ISA_USAGE = YES_ERROR;
				CLANG_WARN_DOCUMENTATION_COMMENTS = YES;
				CLANG_WARN_EMPTY_BODY = YES;
				CLANG_WARN_ENUM_CONVERSION = YES;
				CLANG_WARN_INFINITE_RECURSION = YES;
				CLANG_WARN_INT_CONVERSION = YES;
				CLANG_WARN_NON_LITERAL_NULL_CONVERSION = YES;
				CLANG_WARN_OBJC_IMPLICIT_RETAIN_SELF = YES;
				CLANG_WARN_OBJC_LITERAL_CONVERSION = YES;
				CLANG_WARN_OBJC_ROOT_CLASS = YES_ERROR;
				CLANG_WARN_RANGE_LOOP_ANALYSIS = YES;
				CLANG_WARN_STRICT_PROTOTYPES = YES;
				CLANG_WARN_SUSPICIOUS_MOVE = YES;
				CLANG_WARN_UNGUARDED_AVAILABILITY = YES_AGGRESSIVE;
				CLANG_WARN_UNREACHABLE_CODE = YES;
				CLANG_WARN__DUPLICATE_METHOD_MATCH = YES;
				CODE_SIGN_IDENTITY = "iPhone Developer";
				COPY_PHASE_STRIP = NO;
				CURRENT_PROJECT_VERSION = 1;
				DEBUG_INFORMATION_FORMAT = dwarf;
				ENABLE_STRICT_OBJC_MSGSEND = YES;
				ENABLE_TESTABILITY = YES;
				GCC_C_LANGUAGE_STANDARD = gnu11;
				GCC_DYNAMIC_NO_PIC = NO;
				GCC_NO_COMMON_BLOCKS = YES;
				GCC_OPTIMIZATION_LEVEL = 0;
				GCC_PREPROCESSOR_DEFINITIONS = (
					"DEBUG=1",
					"$(inherited)",
				);
				GCC_WARN_64_TO_32_BIT_CONVERSION = YES;
				GCC_WARN_ABOUT_RETURN_TYPE = YES_ERROR;
				GCC_WARN_UNDECLARED_SELECTOR = YES;
				GCC_WARN_UNINITIALIZED_AUTOS = YES_AGGRESSIVE;
				GCC_WARN_UNUSED_FUNCTION = YES;
				GCC_WARN_UNUSED_VARIABLE = YES;
				IPHONEOS_DEPLOYMENT_TARGET = 12.2;
				MACOSX_DEPLOYMENT_TARGET = 10.14;
				MTL_ENABLE_DEBUG_INFO = INCLUDE_SOURCE;
				MTL_FAST_MATH = YES;
				ONLY_ACTIVE_ARCH = YES;
				PRODUCT_NAME = TankUtility;
				SDKROOT = iphoneos;
				SWIFT_ACTIVE_COMPILATION_CONDITIONS = DEBUG;
				SWIFT_OPTIMIZATION_LEVEL = "-Onone";
				VERSIONING_SYSTEM = "apple-generic";
				VERSION_INFO_PREFIX = "";
			};
			name = Debug;
		};
		5CB8CAD821EA31D30083AC78 /* Release */ = {
			isa = XCBuildConfiguration;
			buildSettings = {
				ALWAYS_SEARCH_USER_PATHS = NO;
				CLANG_ANALYZER_NONNULL = YES;
				CLANG_ANALYZER_NUMBER_OBJECT_CONVERSION = YES_AGGRESSIVE;
				CLANG_CXX_LANGUAGE_STANDARD = "gnu++14";
				CLANG_CXX_LIBRARY = "libc++";
				CLANG_ENABLE_MODULES = YES;
				CLANG_ENABLE_OBJC_ARC = YES;
				CLANG_ENABLE_OBJC_WEAK = YES;
				CLANG_WARN_BLOCK_CAPTURE_AUTORELEASING = YES;
				CLANG_WARN_BOOL_CONVERSION = YES;
				CLANG_WARN_COMMA = YES;
				CLANG_WARN_CONSTANT_CONVERSION = YES;
				CLANG_WARN_DEPRECATED_OBJC_IMPLEMENTATIONS = YES;
				CLANG_WARN_DIRECT_OBJC_ISA_USAGE = YES_ERROR;
				CLANG_WARN_DOCUMENTATION_COMMENTS = YES;
				CLANG_WARN_EMPTY_BODY = YES;
				CLANG_WARN_ENUM_CONVERSION = YES;
				CLANG_WARN_INFINITE_RECURSION = YES;
				CLANG_WARN_INT_CONVERSION = YES;
				CLANG_WARN_NON_LITERAL_NULL_CONVERSION = YES;
				CLANG_WARN_OBJC_IMPLICIT_RETAIN_SELF = YES;
				CLANG_WARN_OBJC_LITERAL_CONVERSION = YES;
				CLANG_WARN_OBJC_ROOT_CLASS = YES_ERROR;
				CLANG_WARN_RANGE_LOOP_ANALYSIS = YES;
				CLANG_WARN_STRICT_PROTOTYPES = YES;
				CLANG_WARN_SUSPICIOUS_MOVE = YES;
				CLANG_WARN_UNGUARDED_AVAILABILITY = YES_AGGRESSIVE;
				CLANG_WARN_UNREACHABLE_CODE = YES;
				CLANG_WARN__DUPLICATE_METHOD_MATCH = YES;
				CODE_SIGN_IDENTITY = "iPhone Developer";
				COPY_PHASE_STRIP = NO;
				CURRENT_PROJECT_VERSION = 1;
				DEBUG_INFORMATION_FORMAT = "dwarf-with-dsym";
				ENABLE_NS_ASSERTIONS = NO;
				ENABLE_STRICT_OBJC_MSGSEND = YES;
				GCC_C_LANGUAGE_STANDARD = gnu11;
				GCC_NO_COMMON_BLOCKS = YES;
				GCC_WARN_64_TO_32_BIT_CONVERSION = YES;
				GCC_WARN_ABOUT_RETURN_TYPE = YES_ERROR;
				GCC_WARN_UNDECLARED_SELECTOR = YES;
				GCC_WARN_UNINITIALIZED_AUTOS = YES_AGGRESSIVE;
				GCC_WARN_UNUSED_FUNCTION = YES;
				GCC_WARN_UNUSED_VARIABLE = YES;
				IPHONEOS_DEPLOYMENT_TARGET = 12.2;
				MACOSX_DEPLOYMENT_TARGET = 10.14;
				MTL_ENABLE_DEBUG_INFO = NO;
				MTL_FAST_MATH = YES;
				PRODUCT_NAME = TankUtility;
				SDKROOT = iphoneos;
				SWIFT_COMPILATION_MODE = wholemodule;
				SWIFT_OPTIMIZATION_LEVEL = "-O";
				VALIDATE_PRODUCT = YES;
				VERSIONING_SYSTEM = "apple-generic";
				VERSION_INFO_PREFIX = "";
			};
			name = Release;
		};
		5CB8CADA21EA31D30083AC78 /* Debug */ = {
			isa = XCBuildConfiguration;
			buildSettings = {
				APPLICATION_EXTENSION_API_ONLY = YES;
				CLANG_ENABLE_MODULES = YES;
				CODE_SIGN_IDENTITY = "";
				CODE_SIGN_STYLE = Automatic;
				DEFINES_MODULE = YES;
				DEVELOPMENT_TEAM = 9Q3DL72K7D;
				DYLIB_COMPATIBILITY_VERSION = 1;
				DYLIB_CURRENT_VERSION = 1;
				DYLIB_INSTALL_NAME_BASE = "@rpath";
				INFOPLIST_FILE = TankUtility/Info.plist;
				INSTALL_PATH = "$(LOCAL_LIBRARY_DIR)/Frameworks";
				LD_RUNPATH_SEARCH_PATHS = (
					"$(inherited)",
					"@executable_path/Frameworks",
					"@loader_path/Frameworks",
				);
				PRODUCT_BUNDLE_IDENTIFIER = com.toddheasley.tankutility;
				PRODUCT_NAME = TankUtility;
				SKIP_INSTALL = YES;
				SWIFT_OPTIMIZATION_LEVEL = "-Onone";
				SWIFT_VERSION = 5.0;
				TARGETED_DEVICE_FAMILY = "1,2";
			};
			name = Debug;
		};
		5CB8CADB21EA31D30083AC78 /* Release */ = {
			isa = XCBuildConfiguration;
			buildSettings = {
				APPLICATION_EXTENSION_API_ONLY = YES;
				CLANG_ENABLE_MODULES = YES;
				CODE_SIGN_IDENTITY = "";
				CODE_SIGN_STYLE = Automatic;
				DEFINES_MODULE = YES;
				DEVELOPMENT_TEAM = 9Q3DL72K7D;
				DYLIB_COMPATIBILITY_VERSION = 1;
				DYLIB_CURRENT_VERSION = 1;
				DYLIB_INSTALL_NAME_BASE = "@rpath";
				INFOPLIST_FILE = TankUtility/Info.plist;
				INSTALL_PATH = "$(LOCAL_LIBRARY_DIR)/Frameworks";
				LD_RUNPATH_SEARCH_PATHS = (
					"$(inherited)",
					"@executable_path/Frameworks",
					"@loader_path/Frameworks",
				);
				PRODUCT_BUNDLE_IDENTIFIER = com.toddheasley.tankutility;
				PRODUCT_NAME = TankUtility;
				SKIP_INSTALL = YES;
				SWIFT_VERSION = 5.0;
				TARGETED_DEVICE_FAMILY = "1,2";
			};
			name = Release;
		};
		5CB8CAE721EA31EB0083AC78 /* Debug */ = {
			isa = XCBuildConfiguration;
			buildSettings = {
				APPLICATION_EXTENSION_API_ONLY = YES;
				CLANG_ENABLE_MODULES = YES;
				CODE_SIGN_IDENTITY = "";
				CODE_SIGN_STYLE = Automatic;
				COMBINE_HIDPI_IMAGES = YES;
				DEFINES_MODULE = YES;
				DEVELOPMENT_TEAM = 9Q3DL72K7D;
				DYLIB_COMPATIBILITY_VERSION = 1;
				DYLIB_CURRENT_VERSION = 1;
				DYLIB_INSTALL_NAME_BASE = "@rpath";
				FRAMEWORK_VERSION = A;
				INFOPLIST_FILE = "$(SRCROOT)/TankUtility/Info.plist";
				INSTALL_PATH = "$(LOCAL_LIBRARY_DIR)/Frameworks";
				LD_RUNPATH_SEARCH_PATHS = (
					"$(inherited)",
					"@executable_path/../Frameworks",
					"@loader_path/Frameworks",
				);
				MACOSX_DEPLOYMENT_TARGET = 10.14;
				PRODUCT_BUNDLE_IDENTIFIER = com.toddheasley.tankutility;
				PRODUCT_NAME = TankUtility;
				SDKROOT = macosx;
				SKIP_INSTALL = YES;
				SWIFT_OPTIMIZATION_LEVEL = "-Onone";
				SWIFT_VERSION = 5.0;
			};
			name = Debug;
		};
		5CB8CAE821EA31EB0083AC78 /* Release */ = {
			isa = XCBuildConfiguration;
			buildSettings = {
				APPLICATION_EXTENSION_API_ONLY = YES;
				CLANG_ENABLE_MODULES = YES;
				CODE_SIGN_IDENTITY = "";
				CODE_SIGN_STYLE = Automatic;
				COMBINE_HIDPI_IMAGES = YES;
				DEFINES_MODULE = YES;
				DEVELOPMENT_TEAM = 9Q3DL72K7D;
				DYLIB_COMPATIBILITY_VERSION = 1;
				DYLIB_CURRENT_VERSION = 1;
				DYLIB_INSTALL_NAME_BASE = "@rpath";
				FRAMEWORK_VERSION = A;
				INFOPLIST_FILE = "$(SRCROOT)/TankUtility/Info.plist";
				INSTALL_PATH = "$(LOCAL_LIBRARY_DIR)/Frameworks";
				LD_RUNPATH_SEARCH_PATHS = (
					"$(inherited)",
					"@executable_path/../Frameworks",
					"@loader_path/Frameworks",
				);
				MACOSX_DEPLOYMENT_TARGET = 10.14;
				PRODUCT_BUNDLE_IDENTIFIER = com.toddheasley.tankutility;
				PRODUCT_NAME = TankUtility;
				SDKROOT = macosx;
				SKIP_INSTALL = YES;
				SWIFT_VERSION = 5.0;
			};
			name = Release;
		};
		5CB8CAF421EA32040083AC78 /* Debug */ = {
			isa = XCBuildConfiguration;
			buildSettings = {
				APPLICATION_EXTENSION_API_ONLY = YES;
				CLANG_ENABLE_MODULES = YES;
				CODE_SIGN_IDENTITY = "";
				CODE_SIGN_STYLE = Automatic;
				DEFINES_MODULE = YES;
				DEVELOPMENT_TEAM = 9Q3DL72K7D;
				DYLIB_COMPATIBILITY_VERSION = 1;
				DYLIB_CURRENT_VERSION = 1;
				DYLIB_INSTALL_NAME_BASE = "@rpath";
				INFOPLIST_FILE = "$(SRCROOT)/TankUtility/Info.plist";
				INSTALL_PATH = "$(LOCAL_LIBRARY_DIR)/Frameworks";
				LD_RUNPATH_SEARCH_PATHS = (
					"$(inherited)",
					"@executable_path/Frameworks",
					"@loader_path/Frameworks",
				);
				PRODUCT_BUNDLE_IDENTIFIER = com.toddheasley.tankutility;
				PRODUCT_NAME = TankUtility;
				SDKROOT = watchos;
				SKIP_INSTALL = YES;
				SWIFT_OPTIMIZATION_LEVEL = "-Onone";
				SWIFT_VERSION = 5.0;
				TARGETED_DEVICE_FAMILY = 4;
				WATCHOS_DEPLOYMENT_TARGET = 5.2;
			};
			name = Debug;
		};
		5CB8CAF521EA32040083AC78 /* Release */ = {
			isa = XCBuildConfiguration;
			buildSettings = {
				APPLICATION_EXTENSION_API_ONLY = YES;
				CLANG_ENABLE_MODULES = YES;
				CODE_SIGN_IDENTITY = "";
				CODE_SIGN_STYLE = Automatic;
				DEFINES_MODULE = YES;
				DEVELOPMENT_TEAM = 9Q3DL72K7D;
				DYLIB_COMPATIBILITY_VERSION = 1;
				DYLIB_CURRENT_VERSION = 1;
				DYLIB_INSTALL_NAME_BASE = "@rpath";
				INFOPLIST_FILE = "$(SRCROOT)/TankUtility/Info.plist";
				INSTALL_PATH = "$(LOCAL_LIBRARY_DIR)/Frameworks";
				LD_RUNPATH_SEARCH_PATHS = (
					"$(inherited)",
					"@executable_path/Frameworks",
					"@loader_path/Frameworks",
				);
				PRODUCT_BUNDLE_IDENTIFIER = com.toddheasley.tankutility;
				PRODUCT_NAME = TankUtility;
				SDKROOT = watchos;
				SKIP_INSTALL = YES;
				SWIFT_VERSION = 5.0;
				TARGETED_DEVICE_FAMILY = 4;
				WATCHOS_DEPLOYMENT_TARGET = 5.2;
			};
			name = Release;
		};
		5CB8CB0121EA321B0083AC78 /* Debug */ = {
			isa = XCBuildConfiguration;
			buildSettings = {
				APPLICATION_EXTENSION_API_ONLY = YES;
				CLANG_ENABLE_MODULES = YES;
				CODE_SIGN_IDENTITY = "";
				CODE_SIGN_STYLE = Automatic;
				DEFINES_MODULE = YES;
				DEVELOPMENT_TEAM = 9Q3DL72K7D;
				DYLIB_COMPATIBILITY_VERSION = 1;
				DYLIB_CURRENT_VERSION = 1;
				DYLIB_INSTALL_NAME_BASE = "@rpath";
				INFOPLIST_FILE = "$(SRCROOT)/TankUtility/Info.plist";
				INSTALL_PATH = "$(LOCAL_LIBRARY_DIR)/Frameworks";
				LD_RUNPATH_SEARCH_PATHS = (
					"$(inherited)",
					"@executable_path/Frameworks",
					"@loader_path/Frameworks",
				);
				PRODUCT_BUNDLE_IDENTIFIER = com.toddheasley.tankutility;
				PRODUCT_NAME = TankUtility;
				SDKROOT = appletvos;
				SKIP_INSTALL = YES;
				SWIFT_OPTIMIZATION_LEVEL = "-Onone";
				SWIFT_VERSION = 5.0;
				TARGETED_DEVICE_FAMILY = 3;
				TVOS_DEPLOYMENT_TARGET = 12.2;
			};
			name = Debug;
		};
		5CB8CB0221EA321B0083AC78 /* Release */ = {
			isa = XCBuildConfiguration;
			buildSettings = {
				APPLICATION_EXTENSION_API_ONLY = YES;
				CLANG_ENABLE_MODULES = YES;
				CODE_SIGN_IDENTITY = "";
				CODE_SIGN_STYLE = Automatic;
				DEFINES_MODULE = YES;
				DEVELOPMENT_TEAM = 9Q3DL72K7D;
				DYLIB_COMPATIBILITY_VERSION = 1;
				DYLIB_CURRENT_VERSION = 1;
				DYLIB_INSTALL_NAME_BASE = "@rpath";
				INFOPLIST_FILE = "$(SRCROOT)/TankUtility/Info.plist";
				INSTALL_PATH = "$(LOCAL_LIBRARY_DIR)/Frameworks";
				LD_RUNPATH_SEARCH_PATHS = (
					"$(inherited)",
					"@executable_path/Frameworks",
					"@loader_path/Frameworks",
				);
				PRODUCT_BUNDLE_IDENTIFIER = com.toddheasley.tankutility;
				PRODUCT_NAME = TankUtility;
				SDKROOT = appletvos;
				SKIP_INSTALL = YES;
				SWIFT_VERSION = 5.0;
				TARGETED_DEVICE_FAMILY = 3;
				TVOS_DEPLOYMENT_TARGET = 12.2;
			};
			name = Release;
		};
		5CB8CB1A21EA34020083AC78 /* Debug */ = {
			isa = XCBuildConfiguration;
			buildSettings = {
				CODE_SIGN_IDENTITY = "Mac Developer";
				CODE_SIGN_STYLE = Automatic;
				COMBINE_HIDPI_IMAGES = YES;
				DEVELOPMENT_TEAM = 9Q3DL72K7D;
				INFOPLIST_FILE = TankUtilityTests/Info.plist;
				LD_RUNPATH_SEARCH_PATHS = (
					"$(inherited)",
					"@executable_path/../Frameworks",
					"@loader_path/../Frameworks",
				);
				MACOSX_DEPLOYMENT_TARGET = 10.14;
				PRODUCT_BUNDLE_IDENTIFIER = com.toddheasley.tankutility.tests;
				PRODUCT_NAME = "$(TARGET_NAME)";
				SDKROOT = macosx;
				SWIFT_VERSION = 5.0;
			};
			name = Debug;
		};
		5CB8CB1B21EA34020083AC78 /* Release */ = {
			isa = XCBuildConfiguration;
			buildSettings = {
				CODE_SIGN_IDENTITY = "Mac Developer";
				CODE_SIGN_STYLE = Automatic;
				COMBINE_HIDPI_IMAGES = YES;
				DEVELOPMENT_TEAM = 9Q3DL72K7D;
				INFOPLIST_FILE = TankUtilityTests/Info.plist;
				LD_RUNPATH_SEARCH_PATHS = (
					"$(inherited)",
					"@executable_path/../Frameworks",
					"@loader_path/../Frameworks",
				);
				MACOSX_DEPLOYMENT_TARGET = 10.14;
				PRODUCT_BUNDLE_IDENTIFIER = com.toddheasley.tankutility.tests;
				PRODUCT_NAME = "$(TARGET_NAME)";
				SDKROOT = macosx;
				SWIFT_VERSION = 5.0;
			};
			name = Release;
		};
/* End XCBuildConfiguration section */

/* Begin XCConfigurationList section */
		5CB8CACB21EA31D30083AC78 /* Build configuration list for PBXProject "TankUtility" */ = {
			isa = XCConfigurationList;
			buildConfigurations = (
				5CB8CAD721EA31D30083AC78 /* Debug */,
				5CB8CAD821EA31D30083AC78 /* Release */,
			);
			defaultConfigurationIsVisible = 0;
			defaultConfigurationName = Release;
		};
		5CB8CAD921EA31D30083AC78 /* Build configuration list for PBXNativeTarget "TankUtility" */ = {
			isa = XCConfigurationList;
			buildConfigurations = (
				5CB8CADA21EA31D30083AC78 /* Debug */,
				5CB8CADB21EA31D30083AC78 /* Release */,
			);
			defaultConfigurationIsVisible = 0;
			defaultConfigurationName = Release;
		};
		5CB8CAE621EA31EB0083AC78 /* Build configuration list for PBXNativeTarget "TankUtilityMac" */ = {
			isa = XCConfigurationList;
			buildConfigurations = (
				5CB8CAE721EA31EB0083AC78 /* Debug */,
				5CB8CAE821EA31EB0083AC78 /* Release */,
			);
			defaultConfigurationIsVisible = 0;
			defaultConfigurationName = Release;
		};
		5CB8CAF321EA32040083AC78 /* Build configuration list for PBXNativeTarget "TankUtilityWatch" */ = {
			isa = XCConfigurationList;
			buildConfigurations = (
				5CB8CAF421EA32040083AC78 /* Debug */,
				5CB8CAF521EA32040083AC78 /* Release */,
			);
			defaultConfigurationIsVisible = 0;
			defaultConfigurationName = Release;
		};
		5CB8CB0021EA321B0083AC78 /* Build configuration list for PBXNativeTarget "TankUtilityTV" */ = {
			isa = XCConfigurationList;
			buildConfigurations = (
				5CB8CB0121EA321B0083AC78 /* Debug */,
				5CB8CB0221EA321B0083AC78 /* Release */,
			);
			defaultConfigurationIsVisible = 0;
			defaultConfigurationName = Release;
		};
		5CB8CB1921EA34020083AC78 /* Build configuration list for PBXNativeTarget "TankUtilityTests" */ = {
			isa = XCConfigurationList;
			buildConfigurations = (
				5CB8CB1A21EA34020083AC78 /* Debug */,
				5CB8CB1B21EA34020083AC78 /* Release */,
			);
			defaultConfigurationIsVisible = 0;
			defaultConfigurationName = Release;
		};
/* End XCConfigurationList section */
	};
	rootObject = 5CB8CAC821EA31D30083AC78 /* Project object */;
}
